// !$*UTF8*$!
{
	archiveVersion = 1;
	classes = {
	};
	objectVersion = 46;
	objects = {

/* Begin PBXBuildFile section */
		D4A9B02A1DB1AA6D00AA18A3 /* AppDelegate.swift in Sources */ = {isa = PBXBuildFile; fileRef = D4A9B0291DB1AA6D00AA18A3 /* AppDelegate.swift */; };
		D4A9B02C1DB1AA6D00AA18A3 /* ViewController.swift in Sources */ = {isa = PBXBuildFile; fileRef = D4A9B02B1DB1AA6D00AA18A3 /* ViewController.swift */; };
		D4A9B02F1DB1AA6D00AA18A3 /* Main.storyboard in Resources */ = {isa = PBXBuildFile; fileRef = D4A9B02D1DB1AA6D00AA18A3 /* Main.storyboard */; };
		D4A9B0311DB1AA6D00AA18A3 /* Assets.xcassets in Resources */ = {isa = PBXBuildFile; fileRef = D4A9B0301DB1AA6D00AA18A3 /* Assets.xcassets */; };
		D4A9B0341DB1AA6D00AA18A3 /* LaunchScreen.storyboard in Resources */ = {isa = PBXBuildFile; fileRef = D4A9B0321DB1AA6D00AA18A3 /* LaunchScreen.storyboard */; };
		D4A9B03C1DB1C32200AA18A3 /* StructsEnums.swift in Sources */ = {isa = PBXBuildFile; fileRef = D4A9B03B1DB1C32200AA18A3 /* StructsEnums.swift */; };
/* End PBXBuildFile section */

/* Begin PBXFileReference section */
		D4A9B0261DB1AA6D00AA18A3 /* Calculator.app */ = {isa = PBXFileReference; explicitFileType = wrapper.application; includeInIndex = 0; path = Calculator.app; sourceTree = BUILT_PRODUCTS_DIR; };
		D4A9B0291DB1AA6D00AA18A3 /* AppDelegate.swift */ = {isa = PBXFileReference; lastKnownFileType = sourcecode.swift; path = AppDelegate.swift; sourceTree = "<group>"; };
		D4A9B02B1DB1AA6D00AA18A3 /* ViewController.swift */ = {isa = PBXFileReference; lastKnownFileType = sourcecode.swift; path = ViewController.swift; sourceTree = "<group>"; };
		D4A9B02E1DB1AA6D00AA18A3 /* Base */ = {isa = PBXFileReference; lastKnownFileType = file.storyboard; name = Base; path = Base.lproj/Main.storyboard; sourceTree = "<group>"; };
		D4A9B0301DB1AA6D00AA18A3 /* Assets.xcassets */ = {isa = PBXFileReference; lastKnownFileType = folder.assetcatalog; path = Assets.xcassets; sourceTree = "<group>"; };
		D4A9B0331DB1AA6D00AA18A3 /* Base */ = {isa = PBXFileReference; lastKnownFileType = file.storyboard; name = Base; path = Base.lproj/LaunchScreen.storyboard; sourceTree = "<group>"; };
		D4A9B0351DB1AA6D00AA18A3 /* Info.plist */ = {isa = PBXFileReference; lastKnownFileType = text.plist.xml; path = Info.plist; sourceTree = "<group>"; };
		D4A9B03B1DB1C32200AA18A3 /* StructsEnums.swift */ = {isa = PBXFileReference; fileEncoding = 4; lastKnownFileType = sourcecode.swift; path = StructsEnums.swift; sourceTree = "<group>"; };
/* End PBXFileReference section */

/* Begin PBXFrameworksBuildPhase section */
		D4A9B0231DB1AA6D00AA18A3 /* Frameworks */ = {
			isa = PBXFrameworksBuildPhase;
			buildActionMask = 2147483647;
			files = (
			);
			runOnlyForDeploymentPostprocessing = 0;
		};
/* End PBXFrameworksBuildPhase section */

/* Begin PBXGroup section */
		D4A9B01D1DB1AA6D00AA18A3 = {
			isa = PBXGroup;
			children = (
				D4A9B0281DB1AA6D00AA18A3 /* Calculator */,
				D4A9B0271DB1AA6D00AA18A3 /* Products */,
			);
			sourceTree = "<group>";
		};
		D4A9B0271DB1AA6D00AA18A3 /* Products */ = {
			isa = PBXGroup;
			children = (
				D4A9B0261DB1AA6D00AA18A3 /* Calculator.app */,
			);
			name = Products;
			sourceTree = "<group>";
		};
		D4A9B0281DB1AA6D00AA18A3 /* Calculator */ = {
			isa = PBXGroup;
			children = (
				D4A9B0291DB1AA6D00AA18A3 /* AppDelegate.swift */,
				D4A9B02B1DB1AA6D00AA18A3 /* ViewController.swift */,
				D4A9B02D1DB1AA6D00AA18A3 /* Main.storyboard */,
				D4A9B0301DB1AA6D00AA18A3 /* Assets.xcassets */,
				D4A9B0321DB1AA6D00AA18A3 /* LaunchScreen.storyboard */,
				D4A9B0351DB1AA6D00AA18A3 /* Info.plist */,
				D4A9B03B1DB1C32200AA18A3 /* StructsEnums.swift */,
			);
			path = Calculator;
			sourceTree = "<group>";
		};
/* End PBXGroup section */

/* Begin PBXNativeTarget section */
		D4A9B0251DB1AA6D00AA18A3 /* Calculator */ = {
			isa = PBXNativeTarget;
			buildConfigurationList = D4A9B0381DB1AA6D00AA18A3 /* Build configuration list for PBXNativeTarget "Calculator" */;
			buildPhases = (
				D4A9B0221DB1AA6D00AA18A3 /* Sources */,
				D4A9B0231DB1AA6D00AA18A3 /* Frameworks */,
				D4A9B0241DB1AA6D00AA18A3 /* Resources */,
			);
			buildRules = (
			);
			dependencies = (
			);
			name = Calculator;
			productName = Calculator;
			productReference = D4A9B0261DB1AA6D00AA18A3 /* Calculator.app */;
			productType = "com.apple.product-type.application";
		};
/* End PBXNativeTarget section */

/* Begin PBXProject section */
		D4A9B01E1DB1AA6D00AA18A3 /* Project object */ = {
			isa = PBXProject;
			attributes = {
				LastSwiftUpdateCheck = 0730;
				LastUpgradeCheck = 0730;
				ORGANIZATIONNAME = "Madina Ibrahim";
				TargetAttributes = {
					D4A9B0251DB1AA6D00AA18A3 = {
						CreatedOnToolsVersion = 7.3;
					};
				};
			};
			buildConfigurationList = D4A9B0211DB1AA6D00AA18A3 /* Build configuration list for PBXProject "Calculator" */;
			compatibilityVersion = "Xcode 3.2";
			developmentRegion = English;
			hasScannedForEncodings = 0;
			knownRegions = (
				en,
				Base,
			);
			mainGroup = D4A9B01D1DB1AA6D00AA18A3;
			productRefGroup = D4A9B0271DB1AA6D00AA18A3 /* Products */;
			projectDirPath = "";
			projectRoot = "";
			targets = (
				D4A9B0251DB1AA6D00AA18A3 /* Calculator */,
			);
		};
/* End PBXProject section */

/* Begin PBXResourcesBuildPhase section */
		D4A9B0241DB1AA6D00AA18A3 /* Resources */ = {
			isa = PBXResourcesBuildPhase;
			buildActionMask = 2147483647;
			files = (
				D4A9B0341DB1AA6D00AA18A3 /* LaunchScreen.storyboard in Resources */,
				D4A9B0311DB1AA6D00AA18A3 /* Assets.xcassets in Resources */,
				D4A9B02F1DB1AA6D00AA18A3 /* Main.storyboard in Resources */,
			);
			runOnlyForDeploymentPostprocessing = 0;
		};
/* End PBXResourcesBuildPhase section */

/* Begin PBXSourcesBuildPhase section */
		D4A9B0221DB1AA6D00AA18A3 /* Sources */ = {
			isa = PBXSourcesBuildPhase;
			buildActionMask = 2147483647;
			files = (
				D4A9B03C1DB1C32200AA18A3 /* StructsEnums.swift in Sources */,
				D4A9B02C1DB1AA6D00AA18A3 /* ViewController.swift in Sources */,
				D4A9B02A1DB1AA6D00AA18A3 /* AppDelegate.swift in Sources */,
			);
			runOnlyForDeploymentPostprocessing = 0;
		};
/* End PBXSourcesBuildPhase section */

/* Begin PBXVariantGroup section */
		D4A9B02D1DB1AA6D00AA18A3 /* Main.storyboard */ = {
			isa = PBXVariantGroup;
			children = (
				D4A9B02E1DB1AA6D00AA18A3 /* Base */,
			);
			name = Main.storyboard;
			sourceTree = "<group>";
		};
		D4A9B0321DB1AA6D00AA18A3 /* LaunchScreen.storyboard */ = {
			isa = PBXVariantGroup;
			children = (
				D4A9B0331DB1AA6D00AA18A3 /* Base */,
			);
			name = LaunchScreen.storyboard;
			sourceTree = "<group>";
		};
/* End PBXVariantGroup section */

/* Begin XCBuildConfiguration section */
		D4A9B0361DB1AA6D00AA18A3 /* Debug */ = {
			isa = XCBuildConfiguration;
			buildSettings = {
				ALWAYS_SEARCH_USER_PATHS = NO;
				CLANG_ANALYZER_NONNULL = YES;
				CLANG_CXX_LANGUAGE_STANDARD = "gnu++0x";
				CLANG_CXX_LIBRARY = "libc++";
				CLANG_ENABLE_MODULES = YES;
				CLANG_ENABLE_OBJC_ARC = YES;
				CLANG_WARN_BOOL_CONVERSION = YES;
				CLANG_WARN_CONSTANT_CONVERSION = YES;
				CLANG_WARN_DIRECT_OBJC_ISA_USAGE = YES_ERROR;
				CLANG_WARN_EMPTY_BODY = YES;
				CLANG_WARN_ENUM_CONVERSION = YES;
				CLANG_WARN_INT_CONVERSION = YES;
				CLANG_WARN_OBJC_ROOT_CLASS = YES_ERROR;
				CLANG_WARN_UNREACHABLE_CODE = YES;
				CLANG_WARN__DUPLICATE_METHOD_MATCH = YES;
				"CODE_SIGN_IDENTITY[sdk=iphoneos*]" = "iPhone Developer";
				COPY_PHASE_STRIP = NO;
				DEBUG_INFORMATION_FORMAT = dwarf;
				ENABLE_STRICT_OBJC_MSGSEND = YES;
				ENABLE_TESTABILITY = YES;
				GCC_C_LANGUAGE_STANDARD = gnu99;
				GCC_DYNAMIC_NO_PIC = NO;
				GCC_NO_COMMON_BLOCKS = YES;
				GCC_OPTIMIZATION_LEVEL = 0;
				GCC_PREPROCESSOR_DEFINITIONS = (
					"DEBUG=1",
					"$(inherited)",
				);
				GCC_WARN_64_TO_32_BIT_CONVERSION = YES;
				GCC_WARN_ABOUT_RETURN_TYPE = YES_ERROR;
				GCC_WARN_UNDECLARED_SELECTOR = YES;
				GCC_WARN_UNINITIALIZED_AUTOS = YES_AGGRESSIVE;
				GCC_WARN_UNUSED_FUNCTION = YES;
				GCC_WARN_UNUSED_VARIABLE = YES;
				IPHONEOS_DEPLOYMENT_TARGET = 9.3;
				MTL_ENABLE_DEBUG_INFO = YES;
				ONLY_ACTIVE_ARCH = YES;
				SDKROOT = iphoneos;
				SWIFT_OPTIMIZATION_LEVEL = "-Onone";
				TARGETED_DEVICE_FAMILY = "1,2";
			};
			name = Debug;
		};
		D4A9B0371DB1AA6D00AA18A3 /* Release */ = {
			isa = XCBuildConfiguration;
			buildSettings = {
				ALWAYS_SEARCH_USER_PATHS = NO;
				CLANG_ANALYZER_NONNULL = YES;
				CLANG_CXX_LANGUAGE_STANDARD = "gnu++0x";
				CLANG_CXX_LIBRARY = "libc++";
				CLANG_ENABLE_MODULES = YES;
				CLANG_ENABLE_OBJC_ARC = YES;
				CLANG_WARN_BOOL_CONVERSION = YES;
				CLANG_WARN_CONSTANT_CONVERSION = YES;
				CLANG_WARN_DIRECT_OBJC_ISA_USAGE = YES_ERROR;
				CLANG_WARN_EMPTY_BODY = YES;
				CLANG_WARN_ENUM_CONVERSION = YES;
				CLANG_WARN_INT_CONVERSION = YES;
				CLANG_WARN_OBJC_ROOT_CLASS = YES_ERROR;
				CLANG_WARN_UNREACHABLE_CODE = YES;
				CLANG_WARN__DUPLICATE_METHOD_MATCH = YES;
				"CODE_SIGN_IDENTITY[sdk=iphoneos*]" = "iPhone Developer";
				COPY_PHASE_STRIP = NO;
				DEBUG_INFORMATION_FORMAT = "dwarf-with-dsym";
				ENABLE_NS_ASSERTIONS = NO;
				ENABLE_STRICT_OBJC_MSGSEND = YES;
				GCC_C_LANGUAGE_STANDARD = gnu99;
				GCC_NO_COMMON_BLOCKS = YES;
				GCC_WARN_64_TO_32_BIT_CONVERSION = YES;
				GCC_WARN_ABOUT_RETURN_TYPE = YES_ERROR;
				GCC_WARN_UNDECLARED_SELECTOR = YES;
				GCC_WARN_UNINITIALIZED_AUTOS = YES_AGGRESSIVE;
				GCC_WARN_UNUSED_FUNCTION = YES;
				GCC_WARN_UNUSED_VARIABLE = YES;
				IPHONEOS_DEPLOYMENT_TARGET = 9.3;
				MTL_ENABLE_DEBUG_INFO = NO;
				SDKROOT = iphoneos;
				TARGETED_DEVICE_FAMILY = "1,2";
				VALIDATE_PRODUCT = YES;
			};
			name = Release;
		};
		D4A9B0391DB1AA6D00AA18A3 /* Debug */ = {
			isa = XCBuildConfiguration;
			buildSettings = {
				ASSETCATALOG_COMPILER_APPICON_NAME = AppIcon;
				INFOPLIST_FILE = Calculator/Info.plist;
				LD_RUNPATH_SEARCH_PATHS = "$(inherited) @executable_path/Frameworks";
				PRODUCT_BUNDLE_IDENTIFIER = madina.Calculator;
				PRODUCT_NAME = "$(TARGET_NAME)";
			};
			name = Debug;
		};
		D4A9B03A1DB1AA6D00AA18A3 /* Release */ = {
			isa = XCBuildConfiguration;
			buildSettings = {
				ASSETCATALOG_COMPILER_APPICON_NAME = AppIcon;
				INFOPLIST_FILE = Calculator/Info.plist;
				LD_RUNPATH_SEARCH_PATHS = "$(inherited) @executable_path/Frameworks";
				PRODUCT_BUNDLE_IDENTIFIER = madina.Calculator;
				PRODUCT_NAME = "$(TARGET_NAME)";
			};
			name = Release;
		};
/* End XCBuildConfiguration section */

/* Begin XCConfigurationList section */
		D4A9B0211DB1AA6D00AA18A3 /* Build configuration list for PBXProject "Calculator" */ = {
			isa = XCConfigurationList;
			buildConfigurations = (
				D4A9B0361DB1AA6D00AA18A3 /* Debug */,
				D4A9B0371DB1AA6D00AA18A3 /* Release */,
			);
			defaultConfigurationIsVisible = 0;
			defaultConfigurationName = Release;
		};
		D4A9B0381DB1AA6D00AA18A3 /* Build configuration list for PBXNativeTarget "Calculator" */ = {
			isa = XCConfigurationList;
			buildConfigurations = (
				D4A9B0391DB1AA6D00AA18A3 /* Debug */,
				D4A9B03A1DB1AA6D00AA18A3 /* Release */,
			);
			defaultConfigurationIsVisible = 0;
		};
/* End XCConfigurationList section */
	};
	rootObject = D4A9B01E1DB1AA6D00AA18A3 /* Project object */;
}
